// !$*UTF8*$!
{
	archiveVersion = 1;
	classes = {
	};
	objectVersion = 46;
	objects = {

/* Begin PBXBuildFile section */
		BA13776E1EA5757100E3E2CF /* RestaurantReviewVC.swift in Sources */ = {isa = PBXBuildFile; fileRef = BA13776D1EA5757100E3E2CF /* RestaurantReviewVC.swift */; };
		BA1377701EA5797700E3E2CF /* Extensions.swift in Sources */ = {isa = PBXBuildFile; fileRef = BA13776F1EA5797700E3E2CF /* Extensions.swift */; };
		BA68590C1E9FCC2200F8C56C /* RestaurantDetailVC.swift in Sources */ = {isa = PBXBuildFile; fileRef = BA68590B1E9FCC2200F8C56C /* RestaurantDetailVC.swift */; };
		BA68590E1E9FD17F00F8C56C /* RestaurantDetailCell.swift in Sources */ = {isa = PBXBuildFile; fileRef = BA68590D1E9FD17F00F8C56C /* RestaurantDetailCell.swift */; };
		BAEFFF411E9E83B900B3A4EF /* RestaurantTableVC.swift in Sources */ = {isa = PBXBuildFile; fileRef = BAEFFF401E9E83B900B3A4EF /* RestaurantTableVC.swift */; };
		BAEFFF431E9EA28500B3A4EF /* RestaurantCell.swift in Sources */ = {isa = PBXBuildFile; fileRef = BAEFFF421E9EA28500B3A4EF /* RestaurantCell.swift */; };
		BAEFFF451E9EA4C400B3A4EF /* RestaurantsData.plist in Resources */ = {isa = PBXBuildFile; fileRef = BAEFFF441E9EA4C400B3A4EF /* RestaurantsData.plist */; };
		BAEFFF471E9EA71900B3A4EF /* Restaurant.swift in Sources */ = {isa = PBXBuildFile; fileRef = BAEFFF461E9EA71900B3A4EF /* Restaurant.swift */; };
		BAFC0E611E9E8245000E5E0C /* AppDelegate.swift in Sources */ = {isa = PBXBuildFile; fileRef = BAFC0E601E9E8245000E5E0C /* AppDelegate.swift */; };
		BAFC0E661E9E8245000E5E0C /* Main.storyboard in Resources */ = {isa = PBXBuildFile; fileRef = BAFC0E641E9E8245000E5E0C /* Main.storyboard */; };
		BAFC0E681E9E8245000E5E0C /* Assets.xcassets in Resources */ = {isa = PBXBuildFile; fileRef = BAFC0E671E9E8245000E5E0C /* Assets.xcassets */; };
		BAFC0E6B1E9E8245000E5E0C /* LaunchScreen.storyboard in Resources */ = {isa = PBXBuildFile; fileRef = BAFC0E691E9E8245000E5E0C /* LaunchScreen.storyboard */; };
/* End PBXBuildFile section */

/* Begin PBXFileReference section */
		BA13776D1EA5757100E3E2CF /* RestaurantReviewVC.swift */ = {isa = PBXFileReference; fileEncoding = 4; lastKnownFileType = sourcecode.swift; path = RestaurantReviewVC.swift; sourceTree = "<group>"; };
		BA13776F1EA5797700E3E2CF /* Extensions.swift */ = {isa = PBXFileReference; fileEncoding = 4; lastKnownFileType = sourcecode.swift; path = Extensions.swift; sourceTree = "<group>"; };
		BA68590B1E9FCC2200F8C56C /* RestaurantDetailVC.swift */ = {isa = PBXFileReference; fileEncoding = 4; lastKnownFileType = sourcecode.swift; path = RestaurantDetailVC.swift; sourceTree = "<group>"; };
		BA68590D1E9FD17F00F8C56C /* RestaurantDetailCell.swift */ = {isa = PBXFileReference; fileEncoding = 4; lastKnownFileType = sourcecode.swift; path = RestaurantDetailCell.swift; sourceTree = "<group>"; };
		BAEFFF401E9E83B900B3A4EF /* RestaurantTableVC.swift */ = {isa = PBXFileReference; fileEncoding = 4; lastKnownFileType = sourcecode.swift; path = RestaurantTableVC.swift; sourceTree = "<group>"; };
		BAEFFF421E9EA28500B3A4EF /* RestaurantCell.swift */ = {isa = PBXFileReference; fileEncoding = 4; lastKnownFileType = sourcecode.swift; path = RestaurantCell.swift; sourceTree = "<group>"; };
		BAEFFF441E9EA4C400B3A4EF /* RestaurantsData.plist */ = {isa = PBXFileReference; fileEncoding = 4; lastKnownFileType = text.plist.xml; path = RestaurantsData.plist; sourceTree = "<group>"; };
		BAEFFF461E9EA71900B3A4EF /* Restaurant.swift */ = {isa = PBXFileReference; fileEncoding = 4; lastKnownFileType = sourcecode.swift; path = Restaurant.swift; sourceTree = "<group>"; };
		BAFC0E5D1E9E8245000E5E0C /* Foodie.app */ = {isa = PBXFileReference; explicitFileType = wrapper.application; includeInIndex = 0; path = Foodie.app; sourceTree = BUILT_PRODUCTS_DIR; };
		BAFC0E601E9E8245000E5E0C /* AppDelegate.swift */ = {isa = PBXFileReference; lastKnownFileType = sourcecode.swift; path = AppDelegate.swift; sourceTree = "<group>"; };
		BAFC0E651E9E8245000E5E0C /* Base */ = {isa = PBXFileReference; lastKnownFileType = file.storyboard; name = Base; path = Base.lproj/Main.storyboard; sourceTree = "<group>"; };
		BAFC0E671E9E8245000E5E0C /* Assets.xcassets */ = {isa = PBXFileReference; lastKnownFileType = folder.assetcatalog; path = Assets.xcassets; sourceTree = "<group>"; };
		BAFC0E6A1E9E8245000E5E0C /* Base */ = {isa = PBXFileReference; lastKnownFileType = file.storyboard; name = Base; path = Base.lproj/LaunchScreen.storyboard; sourceTree = "<group>"; };
		BAFC0E6C1E9E8245000E5E0C /* Info.plist */ = {isa = PBXFileReference; lastKnownFileType = text.plist.xml; path = Info.plist; sourceTree = "<group>"; };
/* End PBXFileReference section */

/* Begin PBXFrameworksBuildPhase section */
		BAFC0E5A1E9E8245000E5E0C /* Frameworks */ = {
			isa = PBXFrameworksBuildPhase;
			buildActionMask = 2147483647;
			files = (
			);
			runOnlyForDeploymentPostprocessing = 0;
		};
/* End PBXFrameworksBuildPhase section */

/* Begin PBXGroup section */
		BAEFFF481E9EA71C00B3A4EF /* Models */ = {
			isa = PBXGroup;
			children = (
				BAEFFF461E9EA71900B3A4EF /* Restaurant.swift */,
			);
			name = Models;
			sourceTree = "<group>";
		};
		BAFC0E541E9E8245000E5E0C = {
			isa = PBXGroup;
			children = (
				BAFC0E5F1E9E8245000E5E0C /* Foodie */,
				BAFC0E5E1E9E8245000E5E0C /* Products */,
			);
			sourceTree = "<group>";
		};
		BAFC0E5E1E9E8245000E5E0C /* Products */ = {
			isa = PBXGroup;
			children = (
				BAFC0E5D1E9E8245000E5E0C /* Foodie.app */,
			);
			name = Products;
			sourceTree = "<group>";
		};
		BAFC0E5F1E9E8245000E5E0C /* Foodie */ = {
			isa = PBXGroup;
			children = (
				BAFC0E601E9E8245000E5E0C /* AppDelegate.swift */,
				BA13776F1EA5797700E3E2CF /* Extensions.swift */,
				BAEFFF401E9E83B900B3A4EF /* RestaurantTableVC.swift */,
				BA68590B1E9FCC2200F8C56C /* RestaurantDetailVC.swift */,
				BA13776D1EA5757100E3E2CF /* RestaurantReviewVC.swift */,
				BAEFFF481E9EA71C00B3A4EF /* Models */,
				BAFC0E751E9E831A000E5E0C /* Views */,
				BAFC0E671E9E8245000E5E0C /* Assets.xcassets */,
				BAFC0E6C1E9E8245000E5E0C /* Info.plist */,
				BAEFFF441E9EA4C400B3A4EF /* RestaurantsData.plist */,
			);
			path = Foodie;
			sourceTree = "<group>";
		};
		BAFC0E751E9E831A000E5E0C /* Views */ = {
			isa = PBXGroup;
			children = (
				BAFC0E641E9E8245000E5E0C /* Main.storyboard */,
				BAFC0E691E9E8245000E5E0C /* LaunchScreen.storyboard */,
				BAEFFF421E9EA28500B3A4EF /* RestaurantCell.swift */,
				BA68590D1E9FD17F00F8C56C /* RestaurantDetailCell.swift */,
			);
			name = Views;
			sourceTree = "<group>";
		};
/* End PBXGroup section */

/* Begin PBXNativeTarget section */
		BAFC0E5C1E9E8245000E5E0C /* Foodie */ = {
			isa = PBXNativeTarget;
			buildConfigurationList = BAFC0E6F1E9E8245000E5E0C /* Build configuration list for PBXNativeTarget "Foodie" */;
			buildPhases = (
				BAFC0E591E9E8245000E5E0C /* Sources */,
				BAFC0E5A1E9E8245000E5E0C /* Frameworks */,
				BAFC0E5B1E9E8245000E5E0C /* Resources */,
				BAFC0E721E9E8266000E5E0C /* Increment Build */,
			);
			buildRules = (
			);
			dependencies = (
			);
			name = Foodie;
			productName = Foodie;
			productReference = BAFC0E5D1E9E8245000E5E0C /* Foodie.app */;
			productType = "com.apple.product-type.application";
		};
/* End PBXNativeTarget section */

/* Begin PBXProject section */
		BAFC0E551E9E8245000E5E0C /* Project object */ = {
			isa = PBXProject;
			attributes = {
				LastSwiftUpdateCheck = 0830;
				LastUpgradeCheck = 0830;
				ORGANIZATIONNAME = "Eduardo Pacheco";
				TargetAttributes = {
					BAFC0E5C1E9E8245000E5E0C = {
						CreatedOnToolsVersion = 8.3.1;
						DevelopmentTeam = L3A3BX7PZG;
						ProvisioningStyle = Automatic;
					};
				};
			};
			buildConfigurationList = BAFC0E581E9E8245000E5E0C /* Build configuration list for PBXProject "Foodie" */;
			compatibilityVersion = "Xcode 3.2";
			developmentRegion = English;
			hasScannedForEncodings = 0;
			knownRegions = (
				en,
				Base,
			);
			mainGroup = BAFC0E541E9E8245000E5E0C;
			productRefGroup = BAFC0E5E1E9E8245000E5E0C /* Products */;
			projectDirPath = "";
			projectRoot = "";
			targets = (
				BAFC0E5C1E9E8245000E5E0C /* Foodie */,
			);
		};
/* End PBXProject section */

/* Begin PBXResourcesBuildPhase section */
		BAFC0E5B1E9E8245000E5E0C /* Resources */ = {
			isa = PBXResourcesBuildPhase;
			buildActionMask = 2147483647;
			files = (
				BAFC0E6B1E9E8245000E5E0C /* LaunchScreen.storyboard in Resources */,
				BAEFFF451E9EA4C400B3A4EF /* RestaurantsData.plist in Resources */,
				BAFC0E681E9E8245000E5E0C /* Assets.xcassets in Resources */,
				BAFC0E661E9E8245000E5E0C /* Main.storyboard in Resources */,
			);
			runOnlyForDeploymentPostprocessing = 0;
		};
/* End PBXResourcesBuildPhase section */

/* Begin PBXShellScriptBuildPhase section */
		BAFC0E721E9E8266000E5E0C /* Increment Build */ = {
			isa = PBXShellScriptBuildPhase;
			buildActionMask = 2147483647;
			files = (
			);
			inputPaths = (
			);
			name = "Increment Build";
			outputPaths = (
			);
			runOnlyForDeploymentPostprocessing = 0;
			shellPath = /bin/sh;
			shellScript = "buildNumber=$(/usr/libexec/PlistBuddy -c \"Print CFBundleVersion\" \"${PROJECT_DIR}/${INFOPLIST_FILE}\")\nbuildNumber=$(($buildNumber + 1))\n/usr/libexec/PlistBuddy -c \"Set :CFBundleVersion $buildNumber\" \"${PROJECT_DIR}/${INFOPLIST_FILE}\"";
		};
/* End PBXShellScriptBuildPhase section */

/* Begin PBXSourcesBuildPhase section */
		BAFC0E591E9E8245000E5E0C /* Sources */ = {
			isa = PBXSourcesBuildPhase;
			buildActionMask = 2147483647;
			files = (
				BAEFFF471E9EA71900B3A4EF /* Restaurant.swift in Sources */,
				BA68590E1E9FD17F00F8C56C /* RestaurantDetailCell.swift in Sources */,
				BAEFFF431E9EA28500B3A4EF /* RestaurantCell.swift in Sources */,
				BA1377701EA5797700E3E2CF /* Extensions.swift in Sources */,
				BAEFFF411E9E83B900B3A4EF /* RestaurantTableVC.swift in Sources */,
				BA68590C1E9FCC2200F8C56C /* RestaurantDetailVC.swift in Sources */,
				BA13776E1EA5757100E3E2CF /* RestaurantReviewVC.swift in Sources */,
				BAFC0E611E9E8245000E5E0C /* AppDelegate.swift in Sources */,
			);
			runOnlyForDeploymentPostprocessing = 0;
		};
/* End PBXSourcesBuildPhase section */

/* Begin PBXVariantGroup section */
		BAFC0E641E9E8245000E5E0C /* Main.storyboard */ = {
			isa = PBXVariantGroup;
			children = (
				BAFC0E651E9E8245000E5E0C /* Base */,
			);
			name = Main.storyboard;
			sourceTree = "<group>";
		};
		BAFC0E691E9E8245000E5E0C /* LaunchScreen.storyboard */ = {
			isa = PBXVariantGroup;
			children = (
				BAFC0E6A1E9E8245000E5E0C /* Base */,
			);
			name = LaunchScreen.storyboard;
			sourceTree = "<group>";
		};
/* End PBXVariantGroup section */

/* Begin XCBuildConfiguration section */
		BAFC0E6D1E9E8245000E5E0C /* Debug */ = {
			isa = XCBuildConfiguration;
			buildSettings = {
				ALWAYS_SEARCH_USER_PATHS = NO;
				CLANG_ANALYZER_NONNULL = YES;
				CLANG_ANALYZER_NUMBER_OBJECT_CONVERSION = YES_AGGRESSIVE;
				CLANG_CXX_LANGUAGE_STANDARD = "gnu++0x";
				CLANG_CXX_LIBRARY = "libc++";
				CLANG_ENABLE_MODULES = YES;
				CLANG_ENABLE_OBJC_ARC = YES;
				CLANG_WARN_BOOL_CONVERSION = YES;
				CLANG_WARN_CONSTANT_CONVERSION = YES;
				CLANG_WARN_DIRECT_OBJC_ISA_USAGE = YES_ERROR;
				CLANG_WARN_DOCUMENTATION_COMMENTS = YES;
				CLANG_WARN_EMPTY_BODY = YES;
				CLANG_WARN_ENUM_CONVERSION = YES;
				CLANG_WARN_INFINITE_RECURSION = YES;
				CLANG_WARN_INT_CONVERSION = YES;
				CLANG_WARN_OBJC_ROOT_CLASS = YES_ERROR;
				CLANG_WARN_SUSPICIOUS_MOVE = YES;
				CLANG_WARN_UNREACHABLE_CODE = YES;
				CLANG_WARN__DUPLICATE_METHOD_MATCH = YES;
				"CODE_SIGN_IDENTITY[sdk=iphoneos*]" = "iPhone Developer";
				COPY_PHASE_STRIP = NO;
				DEBUG_INFORMATION_FORMAT = dwarf;
				ENABLE_STRICT_OBJC_MSGSEND = YES;
				ENABLE_TESTABILITY = YES;
				GCC_C_LANGUAGE_STANDARD = gnu99;
				GCC_DYNAMIC_NO_PIC = NO;
				GCC_NO_COMMON_BLOCKS = YES;
				GCC_OPTIMIZATION_LEVEL = 0;
				GCC_PREPROCESSOR_DEFINITIONS = (
					"DEBUG=1",
					"$(inherited)",
				);
				GCC_WARN_64_TO_32_BIT_CONVERSION = YES;
				GCC_WARN_ABOUT_RETURN_TYPE = YES_ERROR;
				GCC_WARN_UNDECLARED_SELECTOR = YES;
				GCC_WARN_UNINITIALIZED_AUTOS = YES_AGGRESSIVE;
				GCC_WARN_UNUSED_FUNCTION = YES;
				GCC_WARN_UNUSED_VARIABLE = YES;
				IPHONEOS_DEPLOYMENT_TARGET = 10.3;
				MTL_ENABLE_DEBUG_INFO = YES;
				ONLY_ACTIVE_ARCH = YES;
				SDKROOT = iphoneos;
				SWIFT_ACTIVE_COMPILATION_CONDITIONS = DEBUG;
				SWIFT_OPTIMIZATION_LEVEL = "-Onone";
			};
			name = Debug;
		};
		BAFC0E6E1E9E8245000E5E0C /* Release */ = {
			isa = XCBuildConfiguration;
			buildSettings = {
				ALWAYS_SEARCH_USER_PATHS = NO;
				CLANG_ANALYZER_NONNULL = YES;
				CLANG_ANALYZER_NUMBER_OBJECT_CONVERSION = YES_AGGRESSIVE;
				CLANG_CXX_LANGUAGE_STANDARD = "gnu++0x";
				CLANG_CXX_LIBRARY = "libc++";
				CLANG_ENABLE_MODULES = YES;
				CLANG_ENABLE_OBJC_ARC = YES;
				CLANG_WARN_BOOL_CONVERSION = YES;
				CLANG_WARN_CONSTANT_CONVERSION = YES;
				CLANG_WARN_DIRECT_OBJC_ISA_USAGE = YES_ERROR;
				CLANG_WARN_DOCUMENTATION_COMMENTS = YES;
				CLANG_WARN_EMPTY_BODY = YES;
				CLANG_WARN_ENUM_CONVERSION = YES;
				CLANG_WARN_INFINITE_RECURSION = YES;
				CLANG_WARN_INT_CONVERSION = YES;
				CLANG_WARN_OBJC_ROOT_CLASS = YES_ERROR;
				CLANG_WARN_SUSPICIOUS_MOVE = YES;
				CLANG_WARN_UNREACHABLE_CODE = YES;
				CLANG_WARN__DUPLICATE_METHOD_MATCH = YES;
				"CODE_SIGN_IDENTITY[sdk=iphoneos*]" = "iPhone Developer";
				COPY_PHASE_STRIP = NO;
				DEBUG_INFORMATION_FORMAT = "dwarf-with-dsym";
				ENABLE_NS_ASSERTIONS = NO;
				ENABLE_STRICT_OBJC_MSGSEND = YES;
				GCC_C_LANGUAGE_STANDARD = gnu99;
				GCC_NO_COMMON_BLOCKS = YES;
				GCC_WARN_64_TO_32_BIT_CONVERSION = YES;
				GCC_WARN_ABOUT_RETURN_TYPE = YES_ERROR;
				GCC_WARN_UNDECLARED_SELECTOR = YES;
				GCC_WARN_UNINITIALIZED_AUTOS = YES_AGGRESSIVE;
				GCC_WARN_UNUSED_FUNCTION = YES;
				GCC_WARN_UNUSED_VARIABLE = YES;
				IPHONEOS_DEPLOYMENT_TARGET = 10.3;
				MTL_ENABLE_DEBUG_INFO = NO;
				SDKROOT = iphoneos;
				SWIFT_OPTIMIZATION_LEVEL = "-Owholemodule";
				VALIDATE_PRODUCT = YES;
			};
			name = Release;
		};
		BAFC0E701E9E8245000E5E0C /* Debug */ = {
			isa = XCBuildConfiguration;
			buildSettings = {
				ASSETCATALOG_COMPILER_APPICON_NAME = AppIcon;
				DEVELOPMENT_TEAM = L3A3BX7PZG;
				INFOPLIST_FILE = Foodie/Info.plist;
				LD_RUNPATH_SEARCH_PATHS = "$(inherited) @executable_path/Frameworks";
				PRODUCT_BUNDLE_IDENTIFIER = "com.eduardo-pacheco.Foodie";
				PRODUCT_NAME = "$(TARGET_NAME)";
				SWIFT_VERSION = 3.0;
			};
			name = Debug;
		};
		BAFC0E711E9E8245000E5E0C /* Release */ = {
			isa = XCBuildConfiguration;
			buildSettings = {
				ASSETCATALOG_COMPILER_APPICON_NAME = AppIcon;
				DEVELOPMENT_TEAM = L3A3BX7PZG;
				INFOPLIST_FILE = Foodie/Info.plist;
				LD_RUNPATH_SEARCH_PATHS = "$(inherited) @executable_path/Frameworks";
				PRODUCT_BUNDLE_IDENTIFIER = "com.eduardo-pacheco.Foodie";
				PRODUCT_NAME = "$(TARGET_NAME)";
				SWIFT_VERSION = 3.0;
			};
			name = Release;
		};
/* End XCBuildConfiguration section */

/* Begin XCConfigurationList section */
		BAFC0E581E9E8245000E5E0C /* Build configuration list for PBXProject "Foodie" */ = {
			isa = XCConfigurationList;
			buildConfigurations = (
				BAFC0E6D1E9E8245000E5E0C /* Debug */,
				BAFC0E6E1E9E8245000E5E0C /* Release */,
			);
			defaultConfigurationIsVisible = 0;
			defaultConfigurationName = Release;
		};
		BAFC0E6F1E9E8245000E5E0C /* Build configuration list for PBXNativeTarget "Foodie" */ = {
			isa = XCConfigurationList;
			buildConfigurations = (
				BAFC0E701E9E8245000E5E0C /* Debug */,
				BAFC0E711E9E8245000E5E0C /* Release */,
			);
			defaultConfigurationIsVisible = 0;
			defaultConfigurationName = Release;
		};
/* End XCConfigurationList section */
	};
	rootObject = BAFC0E551E9E8245000E5E0C /* Project object */;
}
